
Microsoft Visual Studio Solution File, Format Version 12.00
Project("{FAE04EC0-301F-11D3-BF4B-00C04F79EFBC}") = "Subnautica.Multiplayer.LinuxPatch", "Subnautica.Multiplayer.LinuxPatch.csproj", "{75A0550D-E844-4E3C-9B69-C246ADD7B08F}"
EndProject
Global
	GlobalSection(SolutionConfigurationPlatforms) = preSolution
		Debug|Any CPU = Debug|Any CPU
		Release|Any CPU = Release|Any CPU
	EndGlobalSection
	GlobalSection(ProjectConfigurationPlatforms) = postSolution
		{75A0550D-E844-4E3C-9B69-C246ADD7B08F}.Debug|Any CPU.ActiveCfg = Debug|Any CPU
		{75A0550D-E844-4E3C-9B69-C246ADD7B08F}.Debug|Any CPU.Build.0 = Debug|Any CPU
		{75A0550D-E844-4E3C-9B69-C246ADD7B08F}.Release|Any CPU.ActiveCfg = Release|Any CPU
		{75A0550D-E844-4E3C-9B69-C246ADD7B08F}.Release|Any CPU.Build.0 = Release|Any CPU
	EndGlobalSection
EndGlobal
